
Microsoft Visual Studio Solution File, Format Version 12.00
# Visual Studio 15
VisualStudioVersion = 15.0.26124.0
MinimumVisualStudioVersion = 15.0.26124.0
Project("{2150E333-8FDC-42A3-9474-1A3956D46DE8}") = "API", "API", "{81574A8A-C50C-47C2-BECE-99B3709151BB}"
EndProject
Project("{FAE04EC0-301F-11D3-BF4B-00C04F79EFBC}") = "OPFC.API", "OPFC.API\OPFC.API.csproj", "{52E76B64-4BDF-4743-9A78-39954E179F6F}"
EndProject
Project("{2150E333-8FDC-42A3-9474-1A3956D46DE8}") = "Services", "Services", "{4109FB05-1DAE-4858-8592-A6D93A95207E}"
	ProjectSection(SolutionItems) = preProject
		OPFC.Repository\EFRepository.cs = OPFC.Repository\EFRepository.cs
	EndProjectSection
EndProject
Project("{2150E333-8FDC-42A3-9474-1A3956D46DE8}") = "Repositories", "Repositories", "{881E67C1-95E3-4440-B8BC-0D9226832769}"
EndProject
Project("{2150E333-8FDC-42A3-9474-1A3956D46DE8}") = "Shared", "Shared", "{1E604409-DD5C-4DFD-AB34-822677C89375}"
EndProject
Project("{FAE04EC0-301F-11D3-BF4B-00C04F79EFBC}") = "OPFC.Repositories", "OPFC.Repository\OPFC.Repositories.csproj", "{7FF90523-EE49-46F2-8FB0-C448EC27462B}"
EndProject
Project("{FAE04EC0-301F-11D3-BF4B-00C04F79EFBC}") = "OPFC.Services", "OPFC.Service\OPFC.Services.csproj", "{B95EE164-747A-44CD-AC31-5F444854A861}"
EndProject
Project("{FAE04EC0-301F-11D3-BF4B-00C04F79EFBC}") = "OPFC.Constants", "OPFC.Constant\OPFC.Constants.csproj", "{89187011-7901-4DF6-AF27-F14E3336102B}"
EndProject
Project("{2150E333-8FDC-42A3-9474-1A3956D46DE8}") = "Models", "Models", "{FA6655DB-6031-4A48-90BB-2757F23DFAEA}"
EndProject
Project("{FAE04EC0-301F-11D3-BF4B-00C04F79EFBC}") = "OPFC.Models", "OPFC.Models\OPFC.Models.csproj", "{581B5D7F-2C45-4E3B-8CFA-EE5033153AB0}"
EndProject
Project("{2150E333-8FDC-42A3-9474-1A3956D46DE8}") = "Tests", "Tests", "{19454D87-CB30-48A4-88AD-AAB0CF052E76}"
EndProject
Project("{FAE04EC0-301F-11D3-BF4B-00C04F79EFBC}") = "OPFC.API.DTO", "OPFC.API.DTO\OPFC.API.DTO.csproj", "{C228E49B-24CB-4E79-8CE2-E56803D5B102}"
EndProject
Project("{FAE04EC0-301F-11D3-BF4B-00C04F79EFBC}") = "OPFC.API.Services", "OPFC.API.Services\OPFC.API.Services.csproj", "{461AD2E0-DB12-48EA-8C3D-AFEA2D47DD59}"
EndProject
Project("{FAE04EC0-301F-11D3-BF4B-00C04F79EFBC}") = "OPFC.API.ServiceModel", "OPFC.API.ServiceModel\OPFC.API.ServiceModel.csproj", "{5F0F4DB8-943E-4010-83A0-EFF4F7867FF5}"
EndProject
Project("{FAE04EC0-301F-11D3-BF4B-00C04F79EFBC}") = "OPFC.Utility", "OPFC.Utility\OPFC.Utility.csproj", "{88B36E99-E141-411A-96AB-27A7D04F7571}"
EndProject
Project("{2150E333-8FDC-42A3-9474-1A3956D46DE8}") = "Core", "Core", "{471693CD-259B-4666-BD82-A9B6F2188BA5}"
EndProject
Project("{FAE04EC0-301F-11D3-BF4B-00C04F79EFBC}") = "OPFC.Recommendation", "OPFC.Recommendation\OPFC.Recommendation.csproj", "{AE29C8B9-8A20-43DA-9479-3E1660F6DDD4}"
EndProject
Project("{2150E333-8FDC-42A3-9474-1A3956D46DE8}") = "FirebaseService", "FirebaseService", "{8BC514E4-7CEB-4BB5-BFA7-D6F793E89FE8}"
EndProject
Project("{FAE04EC0-301F-11D3-BF4B-00C04F79EFBC}") = "OPFC.FirebaseService", "OPFC.FirebaseService\OPFC.FirebaseService.csproj", "{E76A3362-1B87-4C5D-B7BF-B24960D039CF}"
EndProject
Project("{2150E333-8FDC-42A3-9474-1A3956D46DE8}") = "RedisService", "RedisService", "{A4279650-F6FC-4D61-B01D-DDEF64240CDC}"
EndProject
Project("{FAE04EC0-301F-11D3-BF4B-00C04F79EFBC}") = "RedisService", "RedisService\RedisService.csproj", "{94522803-9648-4D60-8E1B-636AF9D3EE8B}"
EndProject
Global
	GlobalSection(SolutionConfigurationPlatforms) = preSolution
		Debug|Any CPU = Debug|Any CPU
		Release|Any CPU = Release|Any CPU
	EndGlobalSection
	GlobalSection(ProjectConfigurationPlatforms) = postSolution
		{52E76B64-4BDF-4743-9A78-39954E179F6F}.Debug|Any CPU.ActiveCfg = Debug|Any CPU
		{52E76B64-4BDF-4743-9A78-39954E179F6F}.Debug|Any CPU.Build.0 = Debug|Any CPU
		{52E76B64-4BDF-4743-9A78-39954E179F6F}.Release|Any CPU.ActiveCfg = Release|Any CPU
		{52E76B64-4BDF-4743-9A78-39954E179F6F}.Release|Any CPU.Build.0 = Release|Any CPU
		{7FF90523-EE49-46F2-8FB0-C448EC27462B}.Debug|Any CPU.ActiveCfg = Debug|Any CPU
		{7FF90523-EE49-46F2-8FB0-C448EC27462B}.Debug|Any CPU.Build.0 = Debug|Any CPU
		{7FF90523-EE49-46F2-8FB0-C448EC27462B}.Release|Any CPU.ActiveCfg = Release|Any CPU
		{7FF90523-EE49-46F2-8FB0-C448EC27462B}.Release|Any CPU.Build.0 = Release|Any CPU
		{B95EE164-747A-44CD-AC31-5F444854A861}.Debug|Any CPU.ActiveCfg = Debug|Any CPU
		{B95EE164-747A-44CD-AC31-5F444854A861}.Debug|Any CPU.Build.0 = Debug|Any CPU
		{B95EE164-747A-44CD-AC31-5F444854A861}.Release|Any CPU.ActiveCfg = Release|Any CPU
		{B95EE164-747A-44CD-AC31-5F444854A861}.Release|Any CPU.Build.0 = Release|Any CPU
		{89187011-7901-4DF6-AF27-F14E3336102B}.Debug|Any CPU.ActiveCfg = Debug|Any CPU
		{89187011-7901-4DF6-AF27-F14E3336102B}.Debug|Any CPU.Build.0 = Debug|Any CPU
		{89187011-7901-4DF6-AF27-F14E3336102B}.Release|Any CPU.ActiveCfg = Release|Any CPU
		{89187011-7901-4DF6-AF27-F14E3336102B}.Release|Any CPU.Build.0 = Release|Any CPU
		{581B5D7F-2C45-4E3B-8CFA-EE5033153AB0}.Debug|Any CPU.ActiveCfg = Debug|Any CPU
		{581B5D7F-2C45-4E3B-8CFA-EE5033153AB0}.Debug|Any CPU.Build.0 = Debug|Any CPU
		{581B5D7F-2C45-4E3B-8CFA-EE5033153AB0}.Release|Any CPU.ActiveCfg = Release|Any CPU
		{581B5D7F-2C45-4E3B-8CFA-EE5033153AB0}.Release|Any CPU.Build.0 = Release|Any CPU
		{C228E49B-24CB-4E79-8CE2-E56803D5B102}.Debug|Any CPU.ActiveCfg = Debug|Any CPU
		{C228E49B-24CB-4E79-8CE2-E56803D5B102}.Debug|Any CPU.Build.0 = Debug|Any CPU
		{C228E49B-24CB-4E79-8CE2-E56803D5B102}.Release|Any CPU.ActiveCfg = Release|Any CPU
		{C228E49B-24CB-4E79-8CE2-E56803D5B102}.Release|Any CPU.Build.0 = Release|Any CPU
		{461AD2E0-DB12-48EA-8C3D-AFEA2D47DD59}.Debug|Any CPU.ActiveCfg = Debug|Any CPU
		{461AD2E0-DB12-48EA-8C3D-AFEA2D47DD59}.Debug|Any CPU.Build.0 = Debug|Any CPU
		{461AD2E0-DB12-48EA-8C3D-AFEA2D47DD59}.Release|Any CPU.ActiveCfg = Release|Any CPU
		{461AD2E0-DB12-48EA-8C3D-AFEA2D47DD59}.Release|Any CPU.Build.0 = Release|Any CPU
		{5F0F4DB8-943E-4010-83A0-EFF4F7867FF5}.Debug|Any CPU.ActiveCfg = Debug|Any CPU
		{5F0F4DB8-943E-4010-83A0-EFF4F7867FF5}.Debug|Any CPU.Build.0 = Debug|Any CPU
		{5F0F4DB8-943E-4010-83A0-EFF4F7867FF5}.Release|Any CPU.ActiveCfg = Release|Any CPU
		{5F0F4DB8-943E-4010-83A0-EFF4F7867FF5}.Release|Any CPU.Build.0 = Release|Any CPU
		{88B36E99-E141-411A-96AB-27A7D04F7571}.Debug|Any CPU.ActiveCfg = Debug|Any CPU
		{88B36E99-E141-411A-96AB-27A7D04F7571}.Debug|Any CPU.Build.0 = Debug|Any CPU
		{88B36E99-E141-411A-96AB-27A7D04F7571}.Release|Any CPU.ActiveCfg = Release|Any CPU
		{88B36E99-E141-411A-96AB-27A7D04F7571}.Release|Any CPU.Build.0 = Release|Any CPU
		{AE29C8B9-8A20-43DA-9479-3E1660F6DDD4}.Debug|Any CPU.ActiveCfg = Debug|Any CPU
		{AE29C8B9-8A20-43DA-9479-3E1660F6DDD4}.Debug|Any CPU.Build.0 = Debug|Any CPU
		{AE29C8B9-8A20-43DA-9479-3E1660F6DDD4}.Release|Any CPU.ActiveCfg = Release|Any CPU
		{AE29C8B9-8A20-43DA-9479-3E1660F6DDD4}.Release|Any CPU.Build.0 = Release|Any CPU
		{E76A3362-1B87-4C5D-B7BF-B24960D039CF}.Debug|Any CPU.ActiveCfg = Debug|Any CPU
		{E76A3362-1B87-4C5D-B7BF-B24960D039CF}.Debug|Any CPU.Build.0 = Debug|Any CPU
		{E76A3362-1B87-4C5D-B7BF-B24960D039CF}.Release|Any CPU.ActiveCfg = Release|Any CPU
		{E76A3362-1B87-4C5D-B7BF-B24960D039CF}.Release|Any CPU.Build.0 = Release|Any CPU
		{94522803-9648-4D60-8E1B-636AF9D3EE8B}.Debug|Any CPU.ActiveCfg = Debug|Any CPU
		{94522803-9648-4D60-8E1B-636AF9D3EE8B}.Debug|Any CPU.Build.0 = Debug|Any CPU
		{94522803-9648-4D60-8E1B-636AF9D3EE8B}.Release|Any CPU.ActiveCfg = Release|Any CPU
		{94522803-9648-4D60-8E1B-636AF9D3EE8B}.Release|Any CPU.Build.0 = Release|Any CPU
	EndGlobalSection
	GlobalSection(SolutionProperties) = preSolution
		HideSolutionNode = FALSE
	EndGlobalSection
	GlobalSection(NestedProjects) = preSolution
		{52E76B64-4BDF-4743-9A78-39954E179F6F} = {81574A8A-C50C-47C2-BECE-99B3709151BB}
		{7FF90523-EE49-46F2-8FB0-C448EC27462B} = {881E67C1-95E3-4440-B8BC-0D9226832769}
		{B95EE164-747A-44CD-AC31-5F444854A861} = {4109FB05-1DAE-4858-8592-A6D93A95207E}
		{89187011-7901-4DF6-AF27-F14E3336102B} = {1E604409-DD5C-4DFD-AB34-822677C89375}
		{581B5D7F-2C45-4E3B-8CFA-EE5033153AB0} = {FA6655DB-6031-4A48-90BB-2757F23DFAEA}
		{C228E49B-24CB-4E79-8CE2-E56803D5B102} = {81574A8A-C50C-47C2-BECE-99B3709151BB}
		{461AD2E0-DB12-48EA-8C3D-AFEA2D47DD59} = {81574A8A-C50C-47C2-BECE-99B3709151BB}
		{5F0F4DB8-943E-4010-83A0-EFF4F7867FF5} = {81574A8A-C50C-47C2-BECE-99B3709151BB}
		{88B36E99-E141-411A-96AB-27A7D04F7571} = {1E604409-DD5C-4DFD-AB34-822677C89375}
		{AE29C8B9-8A20-43DA-9479-3E1660F6DDD4} = {471693CD-259B-4666-BD82-A9B6F2188BA5}
		{E76A3362-1B87-4C5D-B7BF-B24960D039CF} = {8BC514E4-7CEB-4BB5-BFA7-D6F793E89FE8}
		{94522803-9648-4D60-8E1B-636AF9D3EE8B} = {A4279650-F6FC-4D61-B01D-DDEF64240CDC}
	EndGlobalSection
	GlobalSection(ExtensibilityGlobals) = postSolution
		SolutionGuid = {D09DFC12-B29C-4182-BEE9-B3B10D46A8C3}
	EndGlobalSection
EndGlobal
